{
  "requires": true,
  "lockfileVersion": 1,
  "dependencies": {
    "dat.gui": {
      "version": "0.7.7",
      "resolved": "https://registry.npm.taobao.org/dat.gui/download/dat.gui-0.7.7.tgz",
      "integrity": "sha1-f5bb0hYhp2OFIDZZrr+iZO5q6Js="
    },
    "stats.js": {
      "version": "0.17.0",
      "resolved": "https://registry.npm.taobao.org/stats.js/download/stats.js-0.17.0.tgz",
      "integrity": "sha1-scPcRtlEmLV4t/05hbgaznExzH0="
    },
    "three": {
      "version": "0.115.0",
      "resolved": "https://registry.npm.taobao.org/three/download/three-0.115.0.tgz",
      "integrity": "sha1-VA2ADDgbnaIzTAJPD75NI/hOsF4="
    }
  }
}
